# This file is automatically @generated by Wally.
# It is not intended for manual editing.
registry = "test"

[[package]]
name = "ffrostflame/luausignal"
version = "0.1.3"
dependencies = []

[[package]]
name = "ffrostflame/newdatastorelibrary"
version = "0.1.0"
dependencies = [["Signal", "ffrostflame/luausignal@0.1.3"], ["TableKit", "ffrostflame/tablekit@0.2.4"]]

[[package]]
name = "ffrostflame/tablekit"
version = "0.2.4"
dependencies = []
